schema: '2.0'
stages:
  generate_vectordb:
    cmd: python -m src.vector_data
    deps:
    - path: src/params.yaml
      hash: md5
      md5: ee56099300592a11bba7346c6d501aa8
      size: 197
    - path: src/pdf_source
      hash: md5
      md5: 06ab112767d18dde597b6e9ac682d018.dir
      size: 5054349
      nfiles: 3
    - path: src/vector_data.py
      hash: md5
      md5: 294888b976640ef95acb18ab4b08a6d6
      size: 3656
    outs:
    - path: src/component/vectordb
      hash: md5
      md5: f7407e18494a0f64bb7d7b0bd9e422ce.dir
      size: 37662040
      nfiles: 6
